{
  "name": "messagebird-actions",
  "version": "0.1.0",
  "lockfileVersion": 1,
  "requires": true,
  "dependencies": {
    "@actions/core": {
      "version": "1.2.3",
      "resolved": "https://registry.npmjs.org/@actions/core/-/core-1.2.3.tgz",
      "integrity": "sha512-Wp4xnyokakM45Uuj4WLUxdsa8fJjKVl1fDTsPbTEcTcuu0Nb26IPQbOtjmnfaCPGcaoPOOqId8H9NapZ8gii4w=="
    },
    "@types/node": {
      "version": "13.11.1",
      "resolved": "https://registry.npmjs.org/@types/node/-/node-13.11.1.tgz",
      "integrity": "sha512-eWQGP3qtxwL8FGneRrC5DwrJLGN4/dH1clNTuLfN81HCrxVtxRjygDTUoZJ5ASlDEeo0ppYFQjQIlXhtXpOn6g=="
    },
    "messagebird": {
      "version": "3.4.0",
      "resolved": "https://registry.npmjs.org/messagebird/-/messagebird-3.4.0.tgz",
      "integrity": "sha512-H1joKPE6qOeqqeqG+JwAHD5cvlOGIYD5o4vTr2EdunoGmPXAldlDZdAHZZ+YQ8cpPt8sD32QLGtNJY13/cTvww==",
      "requires": {
        "safe-buffer": "^5.1.2",
        "scmp": "^2.0.0"
      }
    },
    "safe-buffer": {
      "version": "5.2.0",
      "resolved": "https://registry.npmjs.org/safe-buffer/-/safe-buffer-5.2.0.tgz",
      "integrity": "sha512-fZEwUGbVl7kouZs1jCdMLdt95hdIv0ZeHg6L7qPeciMZhZ+/gdesW4wgTARkrFWEpspjEATAzUGPG8N2jJiwbg=="
    },
    "scmp": {
      "version": "2.1.0",
      "resolved": "https://registry.npmjs.org/scmp/-/scmp-2.1.0.tgz",
      "integrity": "sha512-o/mRQGk9Rcer/jEEw/yw4mwo3EU/NvYvp577/Btqrym9Qy5/MdWGBqipbALgd2lrdWTJ5/gqDusxfnQBxOxT2Q=="
    },
    "typescript": {
      "version": "3.8.3",
      "resolved": "https://registry.npmjs.org/typescript/-/typescript-3.8.3.tgz",
      "integrity": "sha512-MYlEfn5VrLNsgudQTVJeNaQFUAI7DkhnOjdpAp4T+ku1TfQClewlbSuTVHiA+8skNBgaf02TL/kLOvig4y3G8w==",
      "dev": true
    }
  }
}
